
Microsoft Visual Studio Solution File, Format Version 12.00
# Visual Studio Version 17
VisualStudioVersion = 17.11.35222.181
MinimumVisualStudioVersion = 10.0.40219.1
Project("{FAE04EC0-301F-11D3-BF4B-00C04F79EFBC}") = "Praktichne5", "Praktichne5.csproj", "{A966B2A8-8980-4714-90A6-D58D0563048F}"
EndProject
Global
	GlobalSection(SolutionConfigurationPlatforms) = preSolution
		Debug|Any CPU = Debug|Any CPU
		Release|Any CPU = Release|Any CPU
	EndGlobalSection
	GlobalSection(ProjectConfigurationPlatforms) = postSolution
		{A966B2A8-8980-4714-90A6-D58D0563048F}.Debug|Any CPU.ActiveCfg = Debug|Any CPU
		{A966B2A8-8980-4714-90A6-D58D0563048F}.Debug|Any CPU.Build.0 = Debug|Any CPU
		{A966B2A8-8980-4714-90A6-D58D0563048F}.Release|Any CPU.ActiveCfg = Release|Any CPU
		{A966B2A8-8980-4714-90A6-D58D0563048F}.Release|Any CPU.Build.0 = Release|Any CPU
	EndGlobalSection
	GlobalSection(SolutionProperties) = preSolution
		HideSolutionNode = FALSE
	EndGlobalSection
	GlobalSection(ExtensibilityGlobals) = postSolution
		SolutionGuid = {C673C4E6-AFF4-4AF1-81EE-3E145A4D0E15}
	EndGlobalSection
EndGlobal
